
Microsoft Visual Studio Solution File, Format Version 12.00
# Visual Studio Version 16
VisualStudioVersion = 16.0.30309.148
MinimumVisualStudioVersion = 10.0.40219.1
Project("{FAE04EC0-301F-11D3-BF4B-00C04F79EFBC}") = "rps", "rps.csproj", "{A322B841-2E50-46D9-8536-F68BEB108C76}"
EndProject
Global
	GlobalSection(SolutionConfigurationPlatforms) = preSolution
		Debug|Any CPU = Debug|Any CPU
		Release|Any CPU = Release|Any CPU
	EndGlobalSection
	GlobalSection(ProjectConfigurationPlatforms) = postSolution
		{A322B841-2E50-46D9-8536-F68BEB108C76}.Debug|Any CPU.ActiveCfg = Debug|Any CPU
		{A322B841-2E50-46D9-8536-F68BEB108C76}.Debug|Any CPU.Build.0 = Debug|Any CPU
		{A322B841-2E50-46D9-8536-F68BEB108C76}.Release|Any CPU.ActiveCfg = Release|Any CPU
		{A322B841-2E50-46D9-8536-F68BEB108C76}.Release|Any CPU.Build.0 = Release|Any CPU
	EndGlobalSection
	GlobalSection(SolutionProperties) = preSolution
		HideSolutionNode = FALSE
	EndGlobalSection
	GlobalSection(ExtensibilityGlobals) = postSolution
		SolutionGuid = {97A82112-1AB7-4FD0-ADA5-58FDE3A7AAE9}
	EndGlobalSection
EndGlobal
